{
  "lockfileVersion": 1,
  "configVersion": 1,
  "workspaces": {
    "": {
      "name": "@corbits/google-tools",
      "dependencies": {
        "arktype": "^2.2.3",
      },
      "devDependencies": {
        "@intx/agent": "^0.3.0",
        "@intx/types": "^0.3.0",
        "@types/bun": "1.3.14",
        "@types/node": "22.10.5",
        "typescript": "5.9.3",
      },
      "peerDependencies": {
        "@intx/agent": "*",
        "@intx/types": "*",
      },
      "optionalPeers": [
        "@intx/agent",
        "@intx/types",
      ],
    },
  },
  "packages": {
    "@ark/schema": ["@ark/schema@0.56.2", "", { "dependencies": { "@ark/util": "0.56.2" } }, "sha512-Qx4D2JFbBWpntiHZaTv7bGG4H/M2rigiknezKg/WVyDSaLdE4YCcWAOoFB7pjjDqHbbV2OqRfntm1nnXvwMexg=="],

    "@ark/util": ["@ark/util@0.56.2", "", {}, "sha512-9kU2sUE38FZEGG7l3hamYMBieLYEJh2L1mrYD2eXpT+78EnQSV1bhjxJhnxGBMSTbtwpBSDNSK+K60WvaI/DTQ=="],

    "@intx/agent": ["@intx/agent@0.3.0", "", { "dependencies": { "@intx/inference": "0.3.0", "@intx/log": "0.3.0", "@intx/mime": "0.3.0", "@intx/types": "0.3.0", "arktype": "^2.1.29" } }, "sha512-a7cgmH8FSsGQ7BpLKQhEwZYRfofWh3lWEGgKFsk53zdgjndtDfqAf2I64QMPAqC2Y2Npag/z1NA5lEsIqAGvPg=="],

    "@intx/crypto": ["@intx/crypto@0.3.0", "", { "dependencies": { "@intx/types": "0.3.0" } }, "sha512-NsRzvkFGb0Pcsm9uLFFSXNl6Cbu+ii6VkYAw81qs9IbZzbAFfsZSUVQaX6EZuPNyJ8KK4KmBtqmioq1mhXsJww=="],

    "@intx/inference": ["@intx/inference@0.3.0", "", { "dependencies": { "@intx/log": "0.3.0", "@intx/types": "0.3.0", "arktype": "^2.1.29" } }, "sha512-2DxqWRp5cSziXgDXPomSy0HTLVesBCtZErsKXYFnliTwYM6U+GRKk5rzwWMMgMWMFbtUaiogPExcNQYBYmfjQA=="],

    "@intx/log": ["@intx/log@0.3.0", "", { "dependencies": { "@logtape/hono": "^2.0.2", "@logtape/logtape": "^2.0.2" }, "peerDependencies": { "hono": "^4.0.0" }, "optionalPeers": ["hono"] }, "sha512-iooPSZjiEUO1A91X5STRhOAk+2RprliB4nbriV/dOOz86kuxZ60y5T8ISQ5Jaj1US870gntN6QwnefY38aWi2Q=="],

    "@intx/mime": ["@intx/mime@0.3.0", "", { "dependencies": { "@intx/crypto": "0.3.0", "@intx/types": "0.3.0", "arktype": "^2.1.29" } }, "sha512-jpKZZpfWRQJ6fI8BEpHnr83N+1ZHrnOMY978B/6bgcjFn3qtm1f3KiR0yaQ8eF3r1VF327r3H2qiCCx0OFN9Ow=="],

    "@intx/types": ["@intx/types@0.3.0", "", { "dependencies": { "arktype": "^2.1.29", "semver": "^7.7.2" } }, "sha512-PJ+v3IhtfZ4J7ZqJ8E39TteRMnC6Y503Q0JeCJdskkK+jhcjx01z7TJSozucagauAlpyh8Hn/9CyWFl53Ji0DQ=="],

    "@logtape/hono": ["@logtape/hono@2.3.2", "", { "peerDependencies": { "@logtape/logtape": "^2.3.2", "hono": "^4.0.0" } }, "sha512-fwjfktpQSucHQCO6OYCHUrcgwHPhU41VKTJt2gtqSoW3MjYMUtdZJTGJx2JTAj+8zyQ1cXqugkEKVG07wwSU4g=="],

    "@logtape/logtape": ["@logtape/logtape@2.3.2", "", {}, "sha512-SfxHfSdDlTp6tLpYP5uezNitSCTQUB3FZ1MXDbgDBN9t9kvF+XL0rOGTIa/pJcDMy1o9FELaZ25E/Ypmsf5fNQ=="],

    "@types/bun": ["@types/bun@1.3.14", "", { "dependencies": { "bun-types": "1.3.14" } }, "sha512-h1hFqFVcvAvD9j9K7ZW7vd82aSA+rTdznZa+5bwvCwqSB1jmmfLcbIWhOLx1/+boy/xmjgCs/OMUL8hRJSmnPw=="],

    "@types/node": ["@types/node@22.10.5", "", { "dependencies": { "undici-types": "~6.20.0" } }, "sha512-F8Q+SeGimwOo86fiovQh8qiXfFEh2/ocYv7tU5pJ3EXMSSxk1Joj5wefpFK2fHTf/N6HKGSxIDBT9f3gCxXPkQ=="],

    "arkregex": ["arkregex@0.0.8", "", { "dependencies": { "@ark/util": "0.56.2" } }, "sha512-PJcx6G1kQTgLKPUbeYlYecDRaKq15AMSGVajlKFYWlPeJRQL+j3dKE6tyMs40HZ99djS1l9Vhl3ezAHy9JBIqQ=="],

    "arktype": ["arktype@2.2.3", "", { "dependencies": { "@ark/schema": "0.56.2", "@ark/util": "0.56.2", "arkregex": "0.0.8" } }, "sha512-7W+0RLTUNJiBFIIZXwOQxSR8Z273IAd6IvqBeG9+gHnQKFsIx2C0iOtGTmMrPnlX4qLXyc5+ll7A0BIj9WrbTg=="],

    "bun-types": ["bun-types@1.3.14", "", { "dependencies": { "@types/node": "*" } }, "sha512-4N0ig0fEomHt5R0KCFWjovxow98rIoRwKolrYdCcknNwMekCXRnWEUvgu5soYV8QXtVsrUD8B95MBOZGPvr6KQ=="],

    "hono": ["hono@4.13.3", "", {}, "sha512-r8AO2mYHoLxSHkgafNeC/BXyb2vWRxD3jem4Ts+ptav8oTG5FIRifAjuJEmZI4bSvvc2ns0GxmIYiZnHqN3mMw=="],

    "semver": ["semver@7.8.5", "", { "bin": { "semver": "bin/semver.js" } }, "sha512-Y7/KDsb8LjooZpwaqGyulO6DQlksgCncchHGk+sZIY4SBvUocMBEFH5Ur1fI4dV+Jvl0w6cjvucaIi40puRioA=="],

    "typescript": ["typescript@5.9.3", "", { "bin": { "tsc": "bin/tsc", "tsserver": "bin/tsserver" } }, "sha512-jl1vZzPDinLr9eUt3J/t7V6FgNEw9QjvBPdysz9KfQDD41fQrC2Y4vKQdiaUpFT4bXlb1RHhLpp8wtm6M5TgSw=="],

    "undici-types": ["undici-types@6.20.0", "", {}, "sha512-Ny6QZ2Nju20vw1SRHe3d9jVu6gJ+4e3+MMpqu7pqE5HT6WsTSlce++GQmK5UXS8mzV8DSYHrQH+Xrf2jVcuKNg=="],

    "bun-types/@types/node": ["@types/node@26.2.0", "", { "dependencies": { "undici-types": "~8.3.0" } }, "sha512-5IviulTZeRNp2vAJ514cc/HUlY5nZ9fCbq9DMyC52BrhFZACo3nI0R7qBxhQmo/d27NFe96ur/b7Wwxklda+kg=="],

    "bun-types/@types/node/undici-types": ["undici-types@8.3.0", "", {}, "sha512-j375ScV60dom+YkPFIfTLcOiPxkN/buHz5GobjLhixFuANaNs3C9l4GmrWqejgXWJ7BbJcFYpTEUkS1Ge8bpZQ=="],
  }
}
